
Microsoft Visual Studio Solution File, Format Version 12.00
# Visual Studio Version 17
VisualStudioVersion = 17.0.31903.59
MinimumVisualStudioVersion = 10.0.40219.1
Project("{FAE04EC0-301F-11D3-BF4B-00C04F79EFBC}") = "Relay.Api", "Relay.Api\Relay.Api.csproj", "{0CA3ACCA-D958-4387-AA82-3F3140A892D9}"
EndProject
Project("{FAE04EC0-301F-11D3-BF4B-00C04F79EFBC}") = "Relay.Api.Tests", "Relay.Api.Tests\Relay.Api.Tests.csproj", "{5676FA87-C050-407F-B36A-BBC926641353}"
EndProject
Global
	GlobalSection(SolutionConfigurationPlatforms) = preSolution
		Debug|Any CPU = Debug|Any CPU
		Debug|x64 = Debug|x64
		Debug|x86 = Debug|x86
		Release|Any CPU = Release|Any CPU
		Release|x64 = Release|x64
		Release|x86 = Release|x86
	EndGlobalSection
	GlobalSection(ProjectConfigurationPlatforms) = postSolution
		{0CA3ACCA-D958-4387-AA82-3F3140A892D9}.Debug|Any CPU.ActiveCfg = Debug|Any CPU
		{0CA3ACCA-D958-4387-AA82-3F3140A892D9}.Debug|Any CPU.Build.0 = Debug|Any CPU
		{0CA3ACCA-D958-4387-AA82-3F3140A892D9}.Debug|x64.ActiveCfg = Debug|Any CPU
		{0CA3ACCA-D958-4387-AA82-3F3140A892D9}.Debug|x64.Build.0 = Debug|Any CPU
		{0CA3ACCA-D958-4387-AA82-3F3140A892D9}.Debug|x86.ActiveCfg = Debug|Any CPU
		{0CA3ACCA-D958-4387-AA82-3F3140A892D9}.Debug|x86.Build.0 = Debug|Any CPU
		{0CA3ACCA-D958-4387-AA82-3F3140A892D9}.Release|Any CPU.ActiveCfg = Release|Any CPU
		{0CA3ACCA-D958-4387-AA82-3F3140A892D9}.Release|Any CPU.Build.0 = Release|Any CPU
		{0CA3ACCA-D958-4387-AA82-3F3140A892D9}.Release|x64.ActiveCfg = Release|Any CPU
		{0CA3ACCA-D958-4387-AA82-3F3140A892D9}.Release|x64.Build.0 = Release|Any CPU
		{0CA3ACCA-D958-4387-AA82-3F3140A892D9}.Release|x86.ActiveCfg = Release|Any CPU
		{0CA3ACCA-D958-4387-AA82-3F3140A892D9}.Release|x86.Build.0 = Release|Any CPU
		{5676FA87-C050-407F-B36A-BBC926641353}.Debug|Any CPU.ActiveCfg = Debug|Any CPU
		{5676FA87-C050-407F-B36A-BBC926641353}.Debug|Any CPU.Build.0 = Debug|Any CPU
		{5676FA87-C050-407F-B36A-BBC926641353}.Debug|x64.ActiveCfg = Debug|Any CPU
		{5676FA87-C050-407F-B36A-BBC926641353}.Debug|x64.Build.0 = Debug|Any CPU
		{5676FA87-C050-407F-B36A-BBC926641353}.Debug|x86.ActiveCfg = Debug|Any CPU
		{5676FA87-C050-407F-B36A-BBC926641353}.Debug|x86.Build.0 = Debug|Any CPU
		{5676FA87-C050-407F-B36A-BBC926641353}.Release|Any CPU.ActiveCfg = Release|Any CPU
		{5676FA87-C050-407F-B36A-BBC926641353}.Release|Any CPU.Build.0 = Release|Any CPU
		{5676FA87-C050-407F-B36A-BBC926641353}.Release|x64.ActiveCfg = Release|Any CPU
		{5676FA87-C050-407F-B36A-BBC926641353}.Release|x64.Build.0 = Release|Any CPU
		{5676FA87-C050-407F-B36A-BBC926641353}.Release|x86.ActiveCfg = Release|Any CPU
		{5676FA87-C050-407F-B36A-BBC926641353}.Release|x86.Build.0 = Release|Any CPU
	EndGlobalSection
	GlobalSection(SolutionProperties) = preSolution
		HideSolutionNode = FALSE
	EndGlobalSection
EndGlobal
